
Microsoft Visual Studio Solution File, Format Version 12.00
# Visual Studio Version 16
VisualStudioVersion = 16.0.30309.148
MinimumVisualStudioVersion = 10.0.40219.1
Project("{FAE04EC0-301F-11D3-BF4B-00C04F79EFBC}") = "ShoeStore", "ShoeStore.csproj", "{0B18A1C6-38AA-483D-8874-82700FEEE704}"
EndProject
Global
	GlobalSection(SolutionConfigurationPlatforms) = preSolution
		Debug|Any CPU = Debug|Any CPU
		Release|Any CPU = Release|Any CPU
	EndGlobalSection
	GlobalSection(ProjectConfigurationPlatforms) = postSolution
		{0B18A1C6-38AA-483D-8874-82700FEEE704}.Debug|Any CPU.ActiveCfg = Debug|Any CPU
		{0B18A1C6-38AA-483D-8874-82700FEEE704}.Debug|Any CPU.Build.0 = Debug|Any CPU
		{0B18A1C6-38AA-483D-8874-82700FEEE704}.Release|Any CPU.ActiveCfg = Release|Any CPU
		{0B18A1C6-38AA-483D-8874-82700FEEE704}.Release|Any CPU.Build.0 = Release|Any CPU
	EndGlobalSection
	GlobalSection(SolutionProperties) = preSolution
		HideSolutionNode = FALSE
	EndGlobalSection
	GlobalSection(ExtensibilityGlobals) = postSolution
		SolutionGuid = {18E829A1-302F-4424-9F34-341C1DABA6B0}
	EndGlobalSection
EndGlobal
